
Microsoft Visual Studio Solution File, Format Version 12.00
# Visual Studio 2012
Project("{FAE04EC0-301F-11D3-BF4B-00C04F79EFBC}") = "Examples", "Examples\Examples.csproj", "{13FBE93F-D399-456F-A3E4-11C148588C23}"
EndProject
Project("{FAE04EC0-301F-11D3-BF4B-00C04F79EFBC}") = "Examples.iOS", "Examples\iOS\Examples.iOS.csproj", "{63762603-885D-4D1C-8C72-5B8DB4B74497}"
EndProject
Project("{FAE04EC0-301F-11D3-BF4B-00C04F79EFBC}") = "Examples.Droid", "Examples\Droid\Examples.Droid.csproj", "{F3AA00A0-B9A8-42AA-B555-A3B3D2A6E2AB}"
EndProject
Project("{FAE04EC0-301F-11D3-BF4B-00C04F79EFBC}") = "DLToolkit.Forms.Controls.FlowListView", "FlowListView\DLToolkit.Forms.Controls.FlowListView\DLToolkit.Forms.Controls.FlowListView.csproj", "{AA188FD6-4D5A-4BAA-9055-9DFECC943225}"
EndProject
Project("{FAE04EC0-301F-11D3-BF4B-00C04F79EFBC}") = "DLToolkit.Forms.Controls.TagEntryView", "TagEntryView\DLToolkit.Forms.Controls.TagEntryView\DLToolkit.Forms.Controls.TagEntryView.csproj", "{41CD9002-B025-41A2-A37C-C121BEADF62B}"
EndProject
Global
	GlobalSection(SolutionConfigurationPlatforms) = preSolution
		Debug|Any CPU = Debug|Any CPU
		Release|Any CPU = Release|Any CPU
		Debug|iPhoneSimulator = Debug|iPhoneSimulator
		Release|iPhone = Release|iPhone
		Release|iPhoneSimulator = Release|iPhoneSimulator
		Debug|iPhone = Debug|iPhone
	EndGlobalSection
	GlobalSection(ProjectConfigurationPlatforms) = postSolution
		{13FBE93F-D399-456F-A3E4-11C148588C23}.Debug|Any CPU.ActiveCfg = Debug|Any CPU
		{13FBE93F-D399-456F-A3E4-11C148588C23}.Debug|Any CPU.Build.0 = Debug|Any CPU
		{13FBE93F-D399-456F-A3E4-11C148588C23}.Debug|iPhone.ActiveCfg = Debug|Any CPU
		{13FBE93F-D399-456F-A3E4-11C148588C23}.Debug|iPhone.Build.0 = Debug|Any CPU
		{13FBE93F-D399-456F-A3E4-11C148588C23}.Debug|iPhoneSimulator.ActiveCfg = Debug|Any CPU
		{13FBE93F-D399-456F-A3E4-11C148588C23}.Debug|iPhoneSimulator.Build.0 = Debug|Any CPU
		{13FBE93F-D399-456F-A3E4-11C148588C23}.Release|Any CPU.ActiveCfg = Release|Any CPU
		{13FBE93F-D399-456F-A3E4-11C148588C23}.Release|Any CPU.Build.0 = Release|Any CPU
		{13FBE93F-D399-456F-A3E4-11C148588C23}.Release|iPhone.ActiveCfg = Release|Any CPU
		{13FBE93F-D399-456F-A3E4-11C148588C23}.Release|iPhone.Build.0 = Release|Any CPU
		{13FBE93F-D399-456F-A3E4-11C148588C23}.Release|iPhoneSimulator.ActiveCfg = Release|Any CPU
		{13FBE93F-D399-456F-A3E4-11C148588C23}.Release|iPhoneSimulator.Build.0 = Release|Any CPU
		{41CD9002-B025-41A2-A37C-C121BEADF62B}.Debug|Any CPU.ActiveCfg = Debug|Any CPU
		{41CD9002-B025-41A2-A37C-C121BEADF62B}.Debug|Any CPU.Build.0 = Debug|Any CPU
		{41CD9002-B025-41A2-A37C-C121BEADF62B}.Debug|iPhone.ActiveCfg = Debug|Any CPU
		{41CD9002-B025-41A2-A37C-C121BEADF62B}.Debug|iPhone.Build.0 = Debug|Any CPU
		{41CD9002-B025-41A2-A37C-C121BEADF62B}.Debug|iPhoneSimulator.ActiveCfg = Debug|Any CPU
		{41CD9002-B025-41A2-A37C-C121BEADF62B}.Debug|iPhoneSimulator.Build.0 = Debug|Any CPU
		{41CD9002-B025-41A2-A37C-C121BEADF62B}.Release|Any CPU.ActiveCfg = Release|Any CPU
		{41CD9002-B025-41A2-A37C-C121BEADF62B}.Release|Any CPU.Build.0 = Release|Any CPU
		{41CD9002-B025-41A2-A37C-C121BEADF62B}.Release|iPhone.ActiveCfg = Release|Any CPU
		{41CD9002-B025-41A2-A37C-C121BEADF62B}.Release|iPhone.Build.0 = Release|Any CPU
		{41CD9002-B025-41A2-A37C-C121BEADF62B}.Release|iPhoneSimulator.ActiveCfg = Release|Any CPU
		{41CD9002-B025-41A2-A37C-C121BEADF62B}.Release|iPhoneSimulator.Build.0 = Release|Any CPU
		{63762603-885D-4D1C-8C72-5B8DB4B74497}.Debug|Any CPU.ActiveCfg = Debug|iPhoneSimulator
		{63762603-885D-4D1C-8C72-5B8DB4B74497}.Debug|Any CPU.Build.0 = Debug|iPhoneSimulator
		{63762603-885D-4D1C-8C72-5B8DB4B74497}.Debug|iPhone.ActiveCfg = Debug|iPhone
		{63762603-885D-4D1C-8C72-5B8DB4B74497}.Debug|iPhone.Build.0 = Debug|iPhone
		{63762603-885D-4D1C-8C72-5B8DB4B74497}.Debug|iPhoneSimulator.ActiveCfg = Debug|iPhoneSimulator
		{63762603-885D-4D1C-8C72-5B8DB4B74497}.Debug|iPhoneSimulator.Build.0 = Debug|iPhoneSimulator
		{63762603-885D-4D1C-8C72-5B8DB4B74497}.Release|Any CPU.ActiveCfg = Release|iPhone
		{63762603-885D-4D1C-8C72-5B8DB4B74497}.Release|Any CPU.Build.0 = Release|iPhone
		{63762603-885D-4D1C-8C72-5B8DB4B74497}.Release|iPhone.ActiveCfg = Release|iPhone
		{63762603-885D-4D1C-8C72-5B8DB4B74497}.Release|iPhone.Build.0 = Release|iPhone
		{63762603-885D-4D1C-8C72-5B8DB4B74497}.Release|iPhoneSimulator.ActiveCfg = Release|iPhoneSimulator
		{63762603-885D-4D1C-8C72-5B8DB4B74497}.Release|iPhoneSimulator.Build.0 = Release|iPhoneSimulator
		{AA188FD6-4D5A-4BAA-9055-9DFECC943225}.Debug|Any CPU.ActiveCfg = Debug|Any CPU
		{AA188FD6-4D5A-4BAA-9055-9DFECC943225}.Debug|Any CPU.Build.0 = Debug|Any CPU
		{AA188FD6-4D5A-4BAA-9055-9DFECC943225}.Debug|iPhone.ActiveCfg = Debug|Any CPU
		{AA188FD6-4D5A-4BAA-9055-9DFECC943225}.Debug|iPhone.Build.0 = Debug|Any CPU
		{AA188FD6-4D5A-4BAA-9055-9DFECC943225}.Debug|iPhoneSimulator.ActiveCfg = Debug|Any CPU
		{AA188FD6-4D5A-4BAA-9055-9DFECC943225}.Debug|iPhoneSimulator.Build.0 = Debug|Any CPU
		{AA188FD6-4D5A-4BAA-9055-9DFECC943225}.Release|Any CPU.ActiveCfg = Release|Any CPU
		{AA188FD6-4D5A-4BAA-9055-9DFECC943225}.Release|Any CPU.Build.0 = Release|Any CPU
		{AA188FD6-4D5A-4BAA-9055-9DFECC943225}.Release|iPhone.ActiveCfg = Release|Any CPU
		{AA188FD6-4D5A-4BAA-9055-9DFECC943225}.Release|iPhone.Build.0 = Release|Any CPU
		{AA188FD6-4D5A-4BAA-9055-9DFECC943225}.Release|iPhoneSimulator.ActiveCfg = Release|Any CPU
		{AA188FD6-4D5A-4BAA-9055-9DFECC943225}.Release|iPhoneSimulator.Build.0 = Release|Any CPU
		{F3AA00A0-B9A8-42AA-B555-A3B3D2A6E2AB}.Debug|Any CPU.ActiveCfg = Debug|Any CPU
		{F3AA00A0-B9A8-42AA-B555-A3B3D2A6E2AB}.Debug|Any CPU.Build.0 = Debug|Any CPU
		{F3AA00A0-B9A8-42AA-B555-A3B3D2A6E2AB}.Debug|iPhone.ActiveCfg = Debug|Any CPU
		{F3AA00A0-B9A8-42AA-B555-A3B3D2A6E2AB}.Debug|iPhone.Build.0 = Debug|Any CPU
		{F3AA00A0-B9A8-42AA-B555-A3B3D2A6E2AB}.Debug|iPhoneSimulator.ActiveCfg = Debug|Any CPU
		{F3AA00A0-B9A8-42AA-B555-A3B3D2A6E2AB}.Debug|iPhoneSimulator.Build.0 = Debug|Any CPU
		{F3AA00A0-B9A8-42AA-B555-A3B3D2A6E2AB}.Release|Any CPU.ActiveCfg = Release|Any CPU
		{F3AA00A0-B9A8-42AA-B555-A3B3D2A6E2AB}.Release|Any CPU.Build.0 = Release|Any CPU
		{F3AA00A0-B9A8-42AA-B555-A3B3D2A6E2AB}.Release|iPhone.ActiveCfg = Release|Any CPU
		{F3AA00A0-B9A8-42AA-B555-A3B3D2A6E2AB}.Release|iPhone.Build.0 = Release|Any CPU
		{F3AA00A0-B9A8-42AA-B555-A3B3D2A6E2AB}.Release|iPhoneSimulator.ActiveCfg = Release|Any CPU
		{F3AA00A0-B9A8-42AA-B555-A3B3D2A6E2AB}.Release|iPhoneSimulator.Build.0 = Release|Any CPU
	EndGlobalSection
EndGlobal
